// !$*UTF8*$!
{
	archiveVersion = 1;
	classes = {
	};
	objectVersion = 46;
	objects = {

/* Begin PBXBuildFile section */
		433085F71F6EB30600B70DED /* MyAlbumCollectionViewCell.swift in Sources */ = {isa = PBXBuildFile; fileRef = 433085F61F6EB30600B70DED /* MyAlbumCollectionViewCell.swift */; };
		433085F91F6EBAEC00B70DED /* DetailAlbumCollectionViewController.swift in Sources */ = {isa = PBXBuildFile; fileRef = 433085F81F6EBAEC00B70DED /* DetailAlbumCollectionViewController.swift */; };
		433085FB1F6EBC6900B70DED /* DetailAlbumCollectionViewCell.swift in Sources */ = {isa = PBXBuildFile; fileRef = 433085FA1F6EBC6900B70DED /* DetailAlbumCollectionViewCell.swift */; };
		434E3B841F66863300B6B1BD /* AppDelegate.swift in Sources */ = {isa = PBXBuildFile; fileRef = 434E3B831F66863300B6B1BD /* AppDelegate.swift */; };
		434E3B861F66863300B6B1BD /* ViewController.swift in Sources */ = {isa = PBXBuildFile; fileRef = 434E3B851F66863300B6B1BD /* ViewController.swift */; };
		434E3B891F66863300B6B1BD /* Main.storyboard in Resources */ = {isa = PBXBuildFile; fileRef = 434E3B871F66863300B6B1BD /* Main.storyboard */; };
		434E3B8B1F66863300B6B1BD /* Assets.xcassets in Resources */ = {isa = PBXBuildFile; fileRef = 434E3B8A1F66863300B6B1BD /* Assets.xcassets */; };
		434E3B8E1F66863300B6B1BD /* LaunchScreen.storyboard in Resources */ = {isa = PBXBuildFile; fileRef = 434E3B8C1F66863300B6B1BD /* LaunchScreen.storyboard */; };
		4372D4081F6E874B00B8542E /* Album.swift in Sources */ = {isa = PBXBuildFile; fileRef = 4372D4071F6E874B00B8542E /* Album.swift */; };
		43850DD21F723F2800E00A90 /* FlickrSearchResultsOne .swift in Sources */ = {isa = PBXBuildFile; fileRef = 43850DD11F723F2800E00A90 /* FlickrSearchResultsOne .swift */; };
		43850DD41F72426200E00A90 /* FlickrPhotosViewControllerOne.swift in Sources */ = {isa = PBXBuildFile; fileRef = 43850DD31F72426200E00A90 /* FlickrPhotosViewControllerOne.swift */; };
		43850DD81F724EA400E00A90 /* FlickrTwo.swift in Sources */ = {isa = PBXBuildFile; fileRef = 43850DD71F724EA400E00A90 /* FlickrTwo.swift */; };
		43A3B0E31F6BCAE900D7DC14 /* Photo.swift in Sources */ = {isa = PBXBuildFile; fileRef = 43A3B0E21F6BCAE900D7DC14 /* Photo.swift */; };
		43BB76511F6F957D0000C9C7 /* FlickrPhotosViewController.swift in Sources */ = {isa = PBXBuildFile; fileRef = 43BB76501F6F957D0000C9C7 /* FlickrPhotosViewController.swift */; };
		43BB76531F6F980A0000C9C7 /* Flickr.swift in Sources */ = {isa = PBXBuildFile; fileRef = 43BB76521F6F980A0000C9C7 /* Flickr.swift */; };
		43BB76571F6F981D0000C9C7 /* FlickrSearchResults.swift in Sources */ = {isa = PBXBuildFile; fileRef = 43BB76561F6F981D0000C9C7 /* FlickrSearchResults.swift */; };
		43BB76591F6FB2120000C9C7 /* FlickrSearchCell.swift in Sources */ = {isa = PBXBuildFile; fileRef = 43BB76581F6FB2120000C9C7 /* FlickrSearchCell.swift */; };
		43BB765B1F6FDF830000C9C7 /* FlickrPhotoHeaderView.swift in Sources */ = {isa = PBXBuildFile; fileRef = 43BB765A1F6FDF830000C9C7 /* FlickrPhotoHeaderView.swift */; };
		43CB0DF31F6ACA8600ED9919 /* MyCollectionViewCell.swift in Sources */ = {isa = PBXBuildFile; fileRef = 43CB0DF21F6ACA8600ED9919 /* MyCollectionViewCell.swift */; };
		43CFC71C1F73E9C400BE1873 /* FlickrPhoto.swift in Sources */ = {isa = PBXBuildFile; fileRef = 43CFC71B1F73E9C400BE1873 /* FlickrPhoto.swift */; };
/* End PBXBuildFile section */

/* Begin PBXFileReference section */
		433085F61F6EB30600B70DED /* MyAlbumCollectionViewCell.swift */ = {isa = PBXFileReference; fileEncoding = 4; lastKnownFileType = sourcecode.swift; path = MyAlbumCollectionViewCell.swift; sourceTree = "<group>"; };
		433085F81F6EBAEC00B70DED /* DetailAlbumCollectionViewController.swift */ = {isa = PBXFileReference; fileEncoding = 4; lastKnownFileType = sourcecode.swift; path = DetailAlbumCollectionViewController.swift; sourceTree = "<group>"; };
		433085FA1F6EBC6900B70DED /* DetailAlbumCollectionViewCell.swift */ = {isa = PBXFileReference; fileEncoding = 4; lastKnownFileType = sourcecode.swift; path = DetailAlbumCollectionViewCell.swift; sourceTree = "<group>"; };
		434E3B801F66863300B6B1BD /* FlickrApp.app */ = {isa = PBXFileReference; explicitFileType = wrapper.application; includeInIndex = 0; path = FlickrApp.app; sourceTree = BUILT_PRODUCTS_DIR; };
		434E3B831F66863300B6B1BD /* AppDelegate.swift */ = {isa = PBXFileReference; lastKnownFileType = sourcecode.swift; path = AppDelegate.swift; sourceTree = "<group>"; };
		434E3B851F66863300B6B1BD /* ViewController.swift */ = {isa = PBXFileReference; lastKnownFileType = sourcecode.swift; path = ViewController.swift; sourceTree = "<group>"; };
		434E3B881F66863300B6B1BD /* Base */ = {isa = PBXFileReference; lastKnownFileType = file.storyboard; name = Base; path = Base.lproj/Main.storyboard; sourceTree = "<group>"; };
		434E3B8A1F66863300B6B1BD /* Assets.xcassets */ = {isa = PBXFileReference; lastKnownFileType = folder.assetcatalog; path = Assets.xcassets; sourceTree = "<group>"; };
		434E3B8D1F66863300B6B1BD /* Base */ = {isa = PBXFileReference; lastKnownFileType = file.storyboard; name = Base; path = Base.lproj/LaunchScreen.storyboard; sourceTree = "<group>"; };
		434E3B8F1F66863300B6B1BD /* Info.plist */ = {isa = PBXFileReference; lastKnownFileType = text.plist.xml; path = Info.plist; sourceTree = "<group>"; };
		4372D4071F6E874B00B8542E /* Album.swift */ = {isa = PBXFileReference; fileEncoding = 4; lastKnownFileType = sourcecode.swift; path = Album.swift; sourceTree = "<group>"; };
		43850DD11F723F2800E00A90 /* FlickrSearchResultsOne .swift */ = {isa = PBXFileReference; fileEncoding = 4; lastKnownFileType = sourcecode.swift; path = "FlickrSearchResultsOne .swift"; sourceTree = "<group>"; };
		43850DD31F72426200E00A90 /* FlickrPhotosViewControllerOne.swift */ = {isa = PBXFileReference; fileEncoding = 4; lastKnownFileType = sourcecode.swift; path = FlickrPhotosViewControllerOne.swift; sourceTree = "<group>"; };
		43850DD71F724EA400E00A90 /* FlickrTwo.swift */ = {isa = PBXFileReference; fileEncoding = 4; lastKnownFileType = sourcecode.swift; path = FlickrTwo.swift; sourceTree = "<group>"; };
		43A3B0E21F6BCAE900D7DC14 /* Photo.swift */ = {isa = PBXFileReference; fileEncoding = 4; lastKnownFileType = sourcecode.swift; path = Photo.swift; sourceTree = "<group>"; };
		43BB76501F6F957D0000C9C7 /* FlickrPhotosViewController.swift */ = {isa = PBXFileReference; fileEncoding = 4; lastKnownFileType = sourcecode.swift; path = FlickrPhotosViewController.swift; sourceTree = "<group>"; };
		43BB76521F6F980A0000C9C7 /* Flickr.swift */ = {isa = PBXFileReference; fileEncoding = 4; lastKnownFileType = sourcecode.swift; path = Flickr.swift; sourceTree = "<group>"; };
		43BB76561F6F981D0000C9C7 /* FlickrSearchResults.swift */ = {isa = PBXFileReference; fileEncoding = 4; lastKnownFileType = sourcecode.swift; path = FlickrSearchResults.swift; sourceTree = "<group>"; };
		43BB76581F6FB2120000C9C7 /* FlickrSearchCell.swift */ = {isa = PBXFileReference; fileEncoding = 4; lastKnownFileType = sourcecode.swift; path = FlickrSearchCell.swift; sourceTree = "<group>"; };
		43BB765A1F6FDF830000C9C7 /* FlickrPhotoHeaderView.swift */ = {isa = PBXFileReference; fileEncoding = 4; lastKnownFileType = sourcecode.swift; path = FlickrPhotoHeaderView.swift; sourceTree = "<group>"; };
		43CB0DF21F6ACA8600ED9919 /* MyCollectionViewCell.swift */ = {isa = PBXFileReference; fileEncoding = 4; lastKnownFileType = sourcecode.swift; path = MyCollectionViewCell.swift; sourceTree = "<group>"; };
		43CFC71B1F73E9C400BE1873 /* FlickrPhoto.swift */ = {isa = PBXFileReference; fileEncoding = 4; lastKnownFileType = sourcecode.swift; path = FlickrPhoto.swift; sourceTree = "<group>"; };
/* End PBXFileReference section */

/* Begin PBXFrameworksBuildPhase section */
		434E3B7D1F66863300B6B1BD /* Frameworks */ = {
			isa = PBXFrameworksBuildPhase;
			buildActionMask = 2147483647;
			files = (
			);
			runOnlyForDeploymentPostprocessing = 0;
		};
/* End PBXFrameworksBuildPhase section */

/* Begin PBXGroup section */
		434E3B771F66863300B6B1BD = {
			isa = PBXGroup;
			children = (
				434E3B821F66863300B6B1BD /* FlickrApp */,
				434E3B811F66863300B6B1BD /* Products */,
			);
			sourceTree = "<group>";
		};
		434E3B811F66863300B6B1BD /* Products */ = {
			isa = PBXGroup;
			children = (
				434E3B801F66863300B6B1BD /* FlickrApp.app */,
			);
			name = Products;
			sourceTree = "<group>";
		};
		434E3B821F66863300B6B1BD /* FlickrApp */ = {
			isa = PBXGroup;
			children = (
				434E3B831F66863300B6B1BD /* AppDelegate.swift */,
				434E3B851F66863300B6B1BD /* ViewController.swift */,
				43BB76521F6F980A0000C9C7 /* Flickr.swift */,
				43850DD71F724EA400E00A90 /* FlickrTwo.swift */,
				43BB76561F6F981D0000C9C7 /* FlickrSearchResults.swift */,
				43850DD11F723F2800E00A90 /* FlickrSearchResultsOne .swift */,
				4372D4071F6E874B00B8542E /* Album.swift */,
				434E3B871F66863300B6B1BD /* Main.storyboard */,
				43BB76581F6FB2120000C9C7 /* FlickrSearchCell.swift */,
				43850DD31F72426200E00A90 /* FlickrPhotosViewControllerOne.swift */,
				43BB76501F6F957D0000C9C7 /* FlickrPhotosViewController.swift */,
				43BB765A1F6FDF830000C9C7 /* FlickrPhotoHeaderView.swift */,
				433085FA1F6EBC6900B70DED /* DetailAlbumCollectionViewCell.swift */,
				433085F81F6EBAEC00B70DED /* DetailAlbumCollectionViewController.swift */,
				433085F61F6EB30600B70DED /* MyAlbumCollectionViewCell.swift */,
				43CFC71B1F73E9C400BE1873 /* FlickrPhoto.swift */,
				43A3B0E21F6BCAE900D7DC14 /* Photo.swift */,
				43CB0DF21F6ACA8600ED9919 /* MyCollectionViewCell.swift */,
				434E3B8A1F66863300B6B1BD /* Assets.xcassets */,
				434E3B8C1F66863300B6B1BD /* LaunchScreen.storyboard */,
				434E3B8F1F66863300B6B1BD /* Info.plist */,
			);
			path = FlickrApp;
			sourceTree = "<group>";
		};
/* End PBXGroup section */

/* Begin PBXNativeTarget section */
		434E3B7F1F66863300B6B1BD /* FlickrApp */ = {
			isa = PBXNativeTarget;
			buildConfigurationList = 434E3B921F66863300B6B1BD /* Build configuration list for PBXNativeTarget "FlickrApp" */;
			buildPhases = (
				434E3B7C1F66863300B6B1BD /* Sources */,
				434E3B7D1F66863300B6B1BD /* Frameworks */,
				434E3B7E1F66863300B6B1BD /* Resources */,
			);
			buildRules = (
			);
			dependencies = (
			);
			name = FlickrApp;
			productName = FlickrApp;
			productReference = 434E3B801F66863300B6B1BD /* FlickrApp.app */;
			productType = "com.apple.product-type.application";
		};
/* End PBXNativeTarget section */

/* Begin PBXProject section */
		434E3B781F66863300B6B1BD /* Project object */ = {
			isa = PBXProject;
			attributes = {
				LastSwiftUpdateCheck = 0830;
				LastUpgradeCheck = 0830;
				ORGANIZATIONNAME = "Ihar Karalko";
				TargetAttributes = {
					434E3B7F1F66863300B6B1BD = {
						CreatedOnToolsVersion = 8.3.3;
						ProvisioningStyle = Automatic;
					};
				};
			};
			buildConfigurationList = 434E3B7B1F66863300B6B1BD /* Build configuration list for PBXProject "FlickrApp" */;
			compatibilityVersion = "Xcode 3.2";
			developmentRegion = English;
			hasScannedForEncodings = 0;
			knownRegions = (
				en,
				Base,
			);
			mainGroup = 434E3B771F66863300B6B1BD;
			productRefGroup = 434E3B811F66863300B6B1BD /* Products */;
			projectDirPath = "";
			projectRoot = "";
			targets = (
				434E3B7F1F66863300B6B1BD /* FlickrApp */,
			);
		};
/* End PBXProject section */

/* Begin PBXResourcesBuildPhase section */
		434E3B7E1F66863300B6B1BD /* Resources */ = {
			isa = PBXResourcesBuildPhase;
			buildActionMask = 2147483647;
			files = (
				434E3B8E1F66863300B6B1BD /* LaunchScreen.storyboard in Resources */,
				434E3B8B1F66863300B6B1BD /* Assets.xcassets in Resources */,
				434E3B891F66863300B6B1BD /* Main.storyboard in Resources */,
			);
			runOnlyForDeploymentPostprocessing = 0;
		};
/* End PBXResourcesBuildPhase section */

/* Begin PBXSourcesBuildPhase section */
		434E3B7C1F66863300B6B1BD /* Sources */ = {
			isa = PBXSourcesBuildPhase;
			buildActionMask = 2147483647;
			files = (
				43850DD21F723F2800E00A90 /* FlickrSearchResultsOne .swift in Sources */,
				43A3B0E31F6BCAE900D7DC14 /* Photo.swift in Sources */,
				433085FB1F6EBC6900B70DED /* DetailAlbumCollectionViewCell.swift in Sources */,
				43BB76531F6F980A0000C9C7 /* Flickr.swift in Sources */,
				433085F91F6EBAEC00B70DED /* DetailAlbumCollectionViewController.swift in Sources */,
				43BB765B1F6FDF830000C9C7 /* FlickrPhotoHeaderView.swift in Sources */,
				434E3B861F66863300B6B1BD /* ViewController.swift in Sources */,
				43850DD81F724EA400E00A90 /* FlickrTwo.swift in Sources */,
				433085F71F6EB30600B70DED /* MyAlbumCollectionViewCell.swift in Sources */,
				43BB76591F6FB2120000C9C7 /* FlickrSearchCell.swift in Sources */,
				43BB76571F6F981D0000C9C7 /* FlickrSearchResults.swift in Sources */,
				434E3B841F66863300B6B1BD /* AppDelegate.swift in Sources */,
				43BB76511F6F957D0000C9C7 /* FlickrPhotosViewController.swift in Sources */,
				43CB0DF31F6ACA8600ED9919 /* MyCollectionViewCell.swift in Sources */,
				4372D4081F6E874B00B8542E /* Album.swift in Sources */,
				43CFC71C1F73E9C400BE1873 /* FlickrPhoto.swift in Sources */,
				43850DD41F72426200E00A90 /* FlickrPhotosViewControllerOne.swift in Sources */,
			);
			runOnlyForDeploymentPostprocessing = 0;
		};
/* End PBXSourcesBuildPhase section */

/* Begin PBXVariantGroup section */
		434E3B871F66863300B6B1BD /* Main.storyboard */ = {
			isa = PBXVariantGroup;
			children = (
				434E3B881F66863300B6B1BD /* Base */,
			);
			name = Main.storyboard;
			sourceTree = "<group>";
		};
		434E3B8C1F66863300B6B1BD /* LaunchScreen.storyboard */ = {
			isa = PBXVariantGroup;
			children = (
				434E3B8D1F66863300B6B1BD /* Base */,
			);
			name = LaunchScreen.storyboard;
			sourceTree = "<group>";
		};
/* End PBXVariantGroup section */

/* Begin XCBuildConfiguration section */
		434E3B901F66863300B6B1BD /* Debug */ = {
			isa = XCBuildConfiguration;
			buildSettings = {
				ALWAYS_SEARCH_USER_PATHS = NO;
				CLANG_ANALYZER_NONNULL = YES;
				CLANG_ANALYZER_NUMBER_OBJECT_CONVERSION = YES_AGGRESSIVE;
				CLANG_CXX_LANGUAGE_STANDARD = "gnu++0x";
				CLANG_CXX_LIBRARY = "libc++";
				CLANG_ENABLE_MODULES = YES;
				CLANG_ENABLE_OBJC_ARC = YES;
				CLANG_WARN_BOOL_CONVERSION = YES;
				CLANG_WARN_CONSTANT_CONVERSION = YES;
				CLANG_WARN_DIRECT_OBJC_ISA_USAGE = YES_ERROR;
				CLANG_WARN_DOCUMENTATION_COMMENTS = YES;
				CLANG_WARN_EMPTY_BODY = YES;
				CLANG_WARN_ENUM_CONVERSION = YES;
				CLANG_WARN_INFINITE_RECURSION = YES;
				CLANG_WARN_INT_CONVERSION = YES;
				CLANG_WARN_OBJC_ROOT_CLASS = YES_ERROR;
				CLANG_WARN_SUSPICIOUS_MOVE = YES;
				CLANG_WARN_UNREACHABLE_CODE = YES;
				CLANG_WARN__DUPLICATE_METHOD_MATCH = YES;
				"CODE_SIGN_IDENTITY[sdk=iphoneos*]" = "iPhone Developer";
				COPY_PHASE_STRIP = NO;
				DEBUG_INFORMATION_FORMAT = dwarf;
				ENABLE_STRICT_OBJC_MSGSEND = YES;
				ENABLE_TESTABILITY = YES;
				GCC_C_LANGUAGE_STANDARD = gnu99;
				GCC_DYNAMIC_NO_PIC = NO;
				GCC_NO_COMMON_BLOCKS = YES;
				GCC_OPTIMIZATION_LEVEL = 0;
				GCC_PREPROCESSOR_DEFINITIONS = (
					"DEBUG=1",
					"$(inherited)",
				);
				GCC_WARN_64_TO_32_BIT_CONVERSION = YES;
				GCC_WARN_ABOUT_RETURN_TYPE = YES_ERROR;
				GCC_WARN_UNDECLARED_SELECTOR = YES;
				GCC_WARN_UNINITIALIZED_AUTOS = YES_AGGRESSIVE;
				GCC_WARN_UNUSED_FUNCTION = YES;
				GCC_WARN_UNUSED_VARIABLE = YES;
				IPHONEOS_DEPLOYMENT_TARGET = 10.3;
				MTL_ENABLE_DEBUG_INFO = YES;
				ONLY_ACTIVE_ARCH = YES;
				SDKROOT = iphoneos;
				SWIFT_ACTIVE_COMPILATION_CONDITIONS = DEBUG;
				SWIFT_OPTIMIZATION_LEVEL = "-Onone";
				TARGETED_DEVICE_FAMILY = "1,2";
			};
			name = Debug;
		};
		434E3B911F66863300B6B1BD /* Release */ = {
			isa = XCBuildConfiguration;
			buildSettings = {
				ALWAYS_SEARCH_USER_PATHS = NO;
				CLANG_ANALYZER_NONNULL = YES;
				CLANG_ANALYZER_NUMBER_OBJECT_CONVERSION = YES_AGGRESSIVE;
				CLANG_CXX_LANGUAGE_STANDARD = "gnu++0x";
				CLANG_CXX_LIBRARY = "libc++";
				CLANG_ENABLE_MODULES = YES;
				CLANG_ENABLE_OBJC_ARC = YES;
				CLANG_WARN_BOOL_CONVERSION = YES;
				CLANG_WARN_CONSTANT_CONVERSION = YES;
				CLANG_WARN_DIRECT_OBJC_ISA_USAGE = YES_ERROR;
				CLANG_WARN_DOCUMENTATION_COMMENTS = YES;
				CLANG_WARN_EMPTY_BODY = YES;
				CLANG_WARN_ENUM_CONVERSION = YES;
				CLANG_WARN_INFINITE_RECURSION = YES;
				CLANG_WARN_INT_CONVERSION = YES;
				CLANG_WARN_OBJC_ROOT_CLASS = YES_ERROR;
				CLANG_WARN_SUSPICIOUS_MOVE = YES;
				CLANG_WARN_UNREACHABLE_CODE = YES;
				CLANG_WARN__DUPLICATE_METHOD_MATCH = YES;
				"CODE_SIGN_IDENTITY[sdk=iphoneos*]" = "iPhone Developer";
				COPY_PHASE_STRIP = NO;
				DEBUG_INFORMATION_FORMAT = "dwarf-with-dsym";
				ENABLE_NS_ASSERTIONS = NO;
				ENABLE_STRICT_OBJC_MSGSEND = YES;
				GCC_C_LANGUAGE_STANDARD = gnu99;
				GCC_NO_COMMON_BLOCKS = YES;
				GCC_WARN_64_TO_32_BIT_CONVERSION = YES;
				GCC_WARN_ABOUT_RETURN_TYPE = YES_ERROR;
				GCC_WARN_UNDECLARED_SELECTOR = YES;
				GCC_WARN_UNINITIALIZED_AUTOS = YES_AGGRESSIVE;
				GCC_WARN_UNUSED_FUNCTION = YES;
				GCC_WARN_UNUSED_VARIABLE = YES;
				IPHONEOS_DEPLOYMENT_TARGET = 10.3;
				MTL_ENABLE_DEBUG_INFO = NO;
				SDKROOT = iphoneos;
				SWIFT_OPTIMIZATION_LEVEL = "-Owholemodule";
				TARGETED_DEVICE_FAMILY = "1,2";
				VALIDATE_PRODUCT = YES;
			};
			name = Release;
		};
		434E3B931F66863300B6B1BD /* Debug */ = {
			isa = XCBuildConfiguration;
			buildSettings = {
				ASSETCATALOG_COMPILER_APPICON_NAME = AppIcon;
				INFOPLIST_FILE = FlickrApp/Info.plist;
				LD_RUNPATH_SEARCH_PATHS = "$(inherited) @executable_path/Frameworks";
				PRODUCT_BUNDLE_IDENTIFIER = by.tut.FlickrApp;
				PRODUCT_NAME = "$(TARGET_NAME)";
				SWIFT_VERSION = 3.0;
			};
			name = Debug;
		};
		434E3B941F66863300B6B1BD /* Release */ = {
			isa = XCBuildConfiguration;
			buildSettings = {
				ASSETCATALOG_COMPILER_APPICON_NAME = AppIcon;
				INFOPLIST_FILE = FlickrApp/Info.plist;
				LD_RUNPATH_SEARCH_PATHS = "$(inherited) @executable_path/Frameworks";
				PRODUCT_BUNDLE_IDENTIFIER = by.tut.FlickrApp;
				PRODUCT_NAME = "$(TARGET_NAME)";
				SWIFT_VERSION = 3.0;
			};
			name = Release;
		};
/* End XCBuildConfiguration section */

/* Begin XCConfigurationList section */
		434E3B7B1F66863300B6B1BD /* Build configuration list for PBXProject "FlickrApp" */ = {
			isa = XCConfigurationList;
			buildConfigurations = (
				434E3B901F66863300B6B1BD /* Debug */,
				434E3B911F66863300B6B1BD /* Release */,
			);
			defaultConfigurationIsVisible = 0;
			defaultConfigurationName = Release;
		};
		434E3B921F66863300B6B1BD /* Build configuration list for PBXNativeTarget "FlickrApp" */ = {
			isa = XCConfigurationList;
			buildConfigurations = (
				434E3B931F66863300B6B1BD /* Debug */,
				434E3B941F66863300B6B1BD /* Release */,
			);
			defaultConfigurationIsVisible = 0;
			defaultConfigurationName = Release;
		};
/* End XCConfigurationList section */
	};
	rootObject = 434E3B781F66863300B6B1BD /* Project object */;
}
